
Microsoft Visual Studio Solution File, Format Version 12.00
# Visual Studio Version 16
VisualStudioVersion = 16.0.29424.173
MinimumVisualStudioVersion = 10.0.40219.1
Project("{FAE04EC0-301F-11D3-BF4B-00C04F79EFBC}") = "RileyApiTest", "RileyApiTest\RileyApiTest.csproj", "{F59F5249-D808-4BDA-A7C0-B50C4F7BD0B6}"
EndProject
Global
	GlobalSection(SolutionConfigurationPlatforms) = preSolution
		Debug|Any CPU = Debug|Any CPU
		Release|Any CPU = Release|Any CPU
	EndGlobalSection
	GlobalSection(ProjectConfigurationPlatforms) = postSolution
		{F59F5249-D808-4BDA-A7C0-B50C4F7BD0B6}.Debug|Any CPU.ActiveCfg = Debug|Any CPU
		{F59F5249-D808-4BDA-A7C0-B50C4F7BD0B6}.Debug|Any CPU.Build.0 = Debug|Any CPU
		{F59F5249-D808-4BDA-A7C0-B50C4F7BD0B6}.Release|Any CPU.ActiveCfg = Release|Any CPU
		{F59F5249-D808-4BDA-A7C0-B50C4F7BD0B6}.Release|Any CPU.Build.0 = Release|Any CPU
	EndGlobalSection
	GlobalSection(SolutionProperties) = preSolution
		HideSolutionNode = FALSE
	EndGlobalSection
	GlobalSection(ExtensibilityGlobals) = postSolution
		SolutionGuid = {9557A1FB-C34D-4CC7-9408-398047CE7E59}
	EndGlobalSection
EndGlobal
